
Microsoft Visual Studio Solution File, Format Version 12.00
# Visual Studio Version 17
VisualStudioVersion = 17.6.33723.286
MinimumVisualStudioVersion = 10.0.40219.1
Project("{9A19103F-16F7-4668-BE54-9A1E7A4F7556}") = "TestWorkAPI", "src\TestWorkAPI.csproj", "{EE32D28C-A043-4370-8DE2-EF52ECCA379F}"
EndProject
Global
	GlobalSection(SolutionConfigurationPlatforms) = preSolution
		Debug|Any CPU = Debug|Any CPU
		Release|Any CPU = Release|Any CPU
	EndGlobalSection
	GlobalSection(ProjectConfigurationPlatforms) = postSolution
		{EE32D28C-A043-4370-8DE2-EF52ECCA379F}.Debug|Any CPU.ActiveCfg = Debug|Any CPU
		{EE32D28C-A043-4370-8DE2-EF52ECCA379F}.Debug|Any CPU.Build.0 = Debug|Any CPU
		{EE32D28C-A043-4370-8DE2-EF52ECCA379F}.Release|Any CPU.ActiveCfg = Release|Any CPU
		{EE32D28C-A043-4370-8DE2-EF52ECCA379F}.Release|Any CPU.Build.0 = Release|Any CPU
	EndGlobalSection
	GlobalSection(SolutionProperties) = preSolution
		HideSolutionNode = FALSE
	EndGlobalSection
	GlobalSection(ExtensibilityGlobals) = postSolution
		SolutionGuid = {57489362-F371-4144-95A6-43187D363B0D}
	EndGlobalSection
EndGlobal
